
Microsoft Visual Studio Solution File, Format Version 12.00
Project("{FAE04EC0-301F-11D3-BF4B-00C04F79EFBC}") = "HelloWorld", "HelloWorld\HelloWorld.csproj", "{7E08F0C0-5E5F-44E9-9F6F-C6F32A62AD3A}"
EndProject
Project("{FAE04EC0-301F-11D3-BF4B-00C04F79EFBC}") = "EenvoudigQuizspelOpdracht", "EenvoudigQuizspelOpdracht\EenvoudigQuizspelOpdracht.csproj", "{C681D87F-F51F-432E-BBB1-C37AB333C85A}"
EndProject
Project("{FAE04EC0-301F-11D3-BF4B-00C04F79EFBC}") = "HelloPeople", "HelloPeople\HelloPeople.csproj", "{A1B6CDF1-472F-4150-9565-04C4DD297325}"
EndProject
Project("{FAE04EC0-301F-11D3-BF4B-00C04F79EFBC}") = "MaxValue", "MaxValue\MaxValue.csproj", "{FD4AF143-C708-4A6A-AF55-00EB7C92A5C1}"
EndProject
Project("{FAE04EC0-301F-11D3-BF4B-00C04F79EFBC}") = "StringOfStringBuilder", "StringOfStringBuilder\StringOfStringBuilder.csproj", "{D2DEF1E4-68CA-4598-9A9A-D71EA147E6E7}"
EndProject
Project("{FAE04EC0-301F-11D3-BF4B-00C04F79EFBC}") = "arrays", "arrays\arrays.csproj", "{757AF03B-17E4-48EE-B785-0F1822B9617A}"
EndProject
Project("{2150E333-8FDC-42A3-9474-1A3956D46DE8}") = "02Implementing", "02Implementing", "{3D6F26CA-8590-45DA-8B6E-350851856660}"
EndProject
Project("{FAE04EC0-301F-11D3-BF4B-00C04F79EFBC}") = "constructors", "constructors\constructors.csproj", "{441B69E0-EC18-4E9E-8397-6568F72984D9}"
EndProject
Project("{2150E333-8FDC-42A3-9474-1A3956D46DE8}") = "01NetAndVisualStudio", "01NetAndVisualStudio", "{85669915-0240-4FC3-BB53-AB79D4E4E3FD}"
EndProject
Project("{FAE04EC0-301F-11D3-BF4B-00C04F79EFBC}") = "ValueTypeVersusReferenceType", "ValueTypeVersusReferenceType\ValueTypeVersusReferenceType.csproj", "{E0DBADBF-BF20-4601-A838-95E53B963726}"
EndProject
Project("{FAE04EC0-301F-11D3-BF4B-00C04F79EFBC}") = "CallByValueCallByReference", "CallByValueCallByReference\CallByValueCallByReference.csproj", "{3E65CF39-DC4D-425B-8482-DD2DB51F6CC4}"
EndProject
Project("{2150E333-8FDC-42A3-9474-1A3956D46DE8}") = "03InheritancePolymorphismGenerics", "03InheritancePolymorphismGenerics", "{DCD72E1E-375A-405F-8742-55836D064636}"
EndProject
Project("{FAE04EC0-301F-11D3-BF4B-00C04F79EFBC}") = "InheritanceGebouw", "InheritanceGebouw\InheritanceGebouw.csproj", "{03C0B459-6B6E-475A-9DAE-7001E03E9EF1}"
EndProject
Global
	GlobalSection(SolutionConfigurationPlatforms) = preSolution
		Debug|Any CPU = Debug|Any CPU
		Release|Any CPU = Release|Any CPU
	EndGlobalSection
	GlobalSection(ProjectConfigurationPlatforms) = postSolution
		{7E08F0C0-5E5F-44E9-9F6F-C6F32A62AD3A}.Debug|Any CPU.ActiveCfg = Debug|Any CPU
		{7E08F0C0-5E5F-44E9-9F6F-C6F32A62AD3A}.Debug|Any CPU.Build.0 = Debug|Any CPU
		{7E08F0C0-5E5F-44E9-9F6F-C6F32A62AD3A}.Release|Any CPU.ActiveCfg = Release|Any CPU
		{7E08F0C0-5E5F-44E9-9F6F-C6F32A62AD3A}.Release|Any CPU.Build.0 = Release|Any CPU
		{C681D87F-F51F-432E-BBB1-C37AB333C85A}.Debug|Any CPU.ActiveCfg = Debug|Any CPU
		{C681D87F-F51F-432E-BBB1-C37AB333C85A}.Debug|Any CPU.Build.0 = Debug|Any CPU
		{C681D87F-F51F-432E-BBB1-C37AB333C85A}.Release|Any CPU.ActiveCfg = Release|Any CPU
		{C681D87F-F51F-432E-BBB1-C37AB333C85A}.Release|Any CPU.Build.0 = Release|Any CPU
		{A1B6CDF1-472F-4150-9565-04C4DD297325}.Debug|Any CPU.ActiveCfg = Debug|Any CPU
		{A1B6CDF1-472F-4150-9565-04C4DD297325}.Debug|Any CPU.Build.0 = Debug|Any CPU
		{A1B6CDF1-472F-4150-9565-04C4DD297325}.Release|Any CPU.ActiveCfg = Release|Any CPU
		{A1B6CDF1-472F-4150-9565-04C4DD297325}.Release|Any CPU.Build.0 = Release|Any CPU
		{FD4AF143-C708-4A6A-AF55-00EB7C92A5C1}.Debug|Any CPU.ActiveCfg = Debug|Any CPU
		{FD4AF143-C708-4A6A-AF55-00EB7C92A5C1}.Debug|Any CPU.Build.0 = Debug|Any CPU
		{FD4AF143-C708-4A6A-AF55-00EB7C92A5C1}.Release|Any CPU.ActiveCfg = Release|Any CPU
		{FD4AF143-C708-4A6A-AF55-00EB7C92A5C1}.Release|Any CPU.Build.0 = Release|Any CPU
		{D2DEF1E4-68CA-4598-9A9A-D71EA147E6E7}.Debug|Any CPU.ActiveCfg = Debug|Any CPU
		{D2DEF1E4-68CA-4598-9A9A-D71EA147E6E7}.Debug|Any CPU.Build.0 = Debug|Any CPU
		{D2DEF1E4-68CA-4598-9A9A-D71EA147E6E7}.Release|Any CPU.ActiveCfg = Release|Any CPU
		{D2DEF1E4-68CA-4598-9A9A-D71EA147E6E7}.Release|Any CPU.Build.0 = Release|Any CPU
		{757AF03B-17E4-48EE-B785-0F1822B9617A}.Debug|Any CPU.ActiveCfg = Debug|Any CPU
		{757AF03B-17E4-48EE-B785-0F1822B9617A}.Debug|Any CPU.Build.0 = Debug|Any CPU
		{757AF03B-17E4-48EE-B785-0F1822B9617A}.Release|Any CPU.ActiveCfg = Release|Any CPU
		{757AF03B-17E4-48EE-B785-0F1822B9617A}.Release|Any CPU.Build.0 = Release|Any CPU
		{441B69E0-EC18-4E9E-8397-6568F72984D9}.Debug|Any CPU.ActiveCfg = Debug|Any CPU
		{441B69E0-EC18-4E9E-8397-6568F72984D9}.Debug|Any CPU.Build.0 = Debug|Any CPU
		{441B69E0-EC18-4E9E-8397-6568F72984D9}.Release|Any CPU.ActiveCfg = Release|Any CPU
		{441B69E0-EC18-4E9E-8397-6568F72984D9}.Release|Any CPU.Build.0 = Release|Any CPU
		{E0DBADBF-BF20-4601-A838-95E53B963726}.Debug|Any CPU.ActiveCfg = Debug|Any CPU
		{E0DBADBF-BF20-4601-A838-95E53B963726}.Debug|Any CPU.Build.0 = Debug|Any CPU
		{E0DBADBF-BF20-4601-A838-95E53B963726}.Release|Any CPU.ActiveCfg = Release|Any CPU
		{E0DBADBF-BF20-4601-A838-95E53B963726}.Release|Any CPU.Build.0 = Release|Any CPU
		{3E65CF39-DC4D-425B-8482-DD2DB51F6CC4}.Debug|Any CPU.ActiveCfg = Debug|Any CPU
		{3E65CF39-DC4D-425B-8482-DD2DB51F6CC4}.Debug|Any CPU.Build.0 = Debug|Any CPU
		{3E65CF39-DC4D-425B-8482-DD2DB51F6CC4}.Release|Any CPU.ActiveCfg = Release|Any CPU
		{3E65CF39-DC4D-425B-8482-DD2DB51F6CC4}.Release|Any CPU.Build.0 = Release|Any CPU
		{03C0B459-6B6E-475A-9DAE-7001E03E9EF1}.Debug|Any CPU.ActiveCfg = Debug|Any CPU
		{03C0B459-6B6E-475A-9DAE-7001E03E9EF1}.Debug|Any CPU.Build.0 = Debug|Any CPU
		{03C0B459-6B6E-475A-9DAE-7001E03E9EF1}.Release|Any CPU.ActiveCfg = Release|Any CPU
		{03C0B459-6B6E-475A-9DAE-7001E03E9EF1}.Release|Any CPU.Build.0 = Release|Any CPU
	EndGlobalSection
	GlobalSection(NestedProjects) = preSolution
		{441B69E0-EC18-4E9E-8397-6568F72984D9} = {3D6F26CA-8590-45DA-8B6E-350851856660}
		{757AF03B-17E4-48EE-B785-0F1822B9617A} = {85669915-0240-4FC3-BB53-AB79D4E4E3FD}
		{C681D87F-F51F-432E-BBB1-C37AB333C85A} = {85669915-0240-4FC3-BB53-AB79D4E4E3FD}
		{A1B6CDF1-472F-4150-9565-04C4DD297325} = {85669915-0240-4FC3-BB53-AB79D4E4E3FD}
		{7E08F0C0-5E5F-44E9-9F6F-C6F32A62AD3A} = {85669915-0240-4FC3-BB53-AB79D4E4E3FD}
		{FD4AF143-C708-4A6A-AF55-00EB7C92A5C1} = {85669915-0240-4FC3-BB53-AB79D4E4E3FD}
		{D2DEF1E4-68CA-4598-9A9A-D71EA147E6E7} = {85669915-0240-4FC3-BB53-AB79D4E4E3FD}
		{E0DBADBF-BF20-4601-A838-95E53B963726} = {3D6F26CA-8590-45DA-8B6E-350851856660}
		{3E65CF39-DC4D-425B-8482-DD2DB51F6CC4} = {3D6F26CA-8590-45DA-8B6E-350851856660}
		{03C0B459-6B6E-475A-9DAE-7001E03E9EF1} = {DCD72E1E-375A-405F-8742-55836D064636}
	EndGlobalSection
EndGlobal
